
Microsoft Visual Studio Solution File, Format Version 12.00
# Visual Studio Version 17
VisualStudioVersion = 17.14.37516.0 d17.14
MinimumVisualStudioVersion = 10.0.40219.1
Project("{FAE04EC0-301F-11D3-BF4B-00C04F79EFBC}") = "WebApplication1", "WebApplication1.csproj", "{73AA6D68-1103-4229-B134-3D19B70DD89A}"
EndProject
Project("{2150E333-8FDC-42A3-9474-1A3956D46DE8}") = "models", "models", "{02EA681E-C7D8-13C7-8484-4AC65E1B71E8}"
	ProjectSection(SolutionItems) = preProject
		cita.cs = cita.cs
		diarios.cs = diarios.cs
		emergencia.cs = emergencia.cs
		estado_de_animo.cs = estado_de_animo.cs
		formulario.cs = formulario.cs
		historial_cita.cs = historial_cita.cs
		historial_clinico.cs = historial_clinico.cs
		menu.cs = menu.cs
		menu_rol.cs = menu_rol.cs
		publicaciones.cs = publicaciones.cs
		rol.cs = rol.cs
		usuario.cs = usuario.cs
	EndProjectSection
EndProject
Project("{2150E333-8FDC-42A3-9474-1A3956D46DE8}") = "Elementos de la solución", "Elementos de la solución", "{D107F4C8-89CC-BEA8-D3D7-CA6B7733353D}"
EndProject
Global
	GlobalSection(SolutionConfigurationPlatforms) = preSolution
		Debug|Any CPU = Debug|Any CPU
		Release|Any CPU = Release|Any CPU
	EndGlobalSection
	GlobalSection(ProjectConfigurationPlatforms) = postSolution
		{73AA6D68-1103-4229-B134-3D19B70DD89A}.Debug|Any CPU.ActiveCfg = Debug|Any CPU
		{73AA6D68-1103-4229-B134-3D19B70DD89A}.Debug|Any CPU.Build.0 = Debug|Any CPU
		{73AA6D68-1103-4229-B134-3D19B70DD89A}.Release|Any CPU.ActiveCfg = Release|Any CPU
		{73AA6D68-1103-4229-B134-3D19B70DD89A}.Release|Any CPU.Build.0 = Release|Any CPU
	EndGlobalSection
	GlobalSection(SolutionProperties) = preSolution
		HideSolutionNode = FALSE
	EndGlobalSection
	GlobalSection(ExtensibilityGlobals) = postSolution
		SolutionGuid = {26090917-F334-4C09-8913-6BCFA36509FD}
	EndGlobalSection
EndGlobal
